
Microsoft Visual Studio Solution File, Format Version 12.00
# Visual Studio 15
VisualStudioVersion = 15.0.27130.2036
MinimumVisualStudioVersion = 10.0.40219.1
Project("{FAE04EC0-301F-11D3-BF4B-00C04F79EFBC}") = "RepositoryPatternWithUnitofWork", "RepositoryPatternWithUnitofWork\RepositoryPatternWithUnitofWork.csproj", "{225EC122-5B0F-45C2-960C-950B26476E5A}"
EndProject
Global
	GlobalSection(SolutionConfigurationPlatforms) = preSolution
		Debug|Any CPU = Debug|Any CPU
		Release|Any CPU = Release|Any CPU
	EndGlobalSection
	GlobalSection(ProjectConfigurationPlatforms) = postSolution
		{225EC122-5B0F-45C2-960C-950B26476E5A}.Debug|Any CPU.ActiveCfg = Debug|Any CPU
		{225EC122-5B0F-45C2-960C-950B26476E5A}.Debug|Any CPU.Build.0 = Debug|Any CPU
		{225EC122-5B0F-45C2-960C-950B26476E5A}.Release|Any CPU.ActiveCfg = Release|Any CPU
		{225EC122-5B0F-45C2-960C-950B26476E5A}.Release|Any CPU.Build.0 = Release|Any CPU
	EndGlobalSection
	GlobalSection(SolutionProperties) = preSolution
		HideSolutionNode = FALSE
	EndGlobalSection
	GlobalSection(ExtensibilityGlobals) = postSolution
		SolutionGuid = {82DFB51A-1323-4A1F-AE64-F63269362047}
	EndGlobalSection
EndGlobal
